
Microsoft Visual Studio Solution File, Format Version 12.00
# Visual Studio Version 16
VisualStudioVersion = 16.0.30128.74
MinimumVisualStudioVersion = 10.0.40219.1
Project("{FAE04EC0-301F-11D3-BF4B-00C04F79EFBC}") = "DataTypesExercise", "DataTypesExercise\DataTypesExercise.csproj", "{82B34C94-36A7-4A4C-820A-CD405F1E6BFC}"
EndProject
Project("{FAE04EC0-301F-11D3-BF4B-00C04F79EFBC}") = "NumericValues", "NumericValues\NumericValues.csproj", "{5197C09D-A98A-44D9-9007-5B7A671B6F05}"
EndProject
Project("{FAE04EC0-301F-11D3-BF4B-00C04F79EFBC}") = "MoreNumericTypes", "MoreNumericTypes\MoreNumericTypes.csproj", "{CED80522-A99D-4BAE-AACA-B19A7BCC869F}"
EndProject
Global
	GlobalSection(SolutionConfigurationPlatforms) = preSolution
		Debug|Any CPU = Debug|Any CPU
		Release|Any CPU = Release|Any CPU
	EndGlobalSection
	GlobalSection(ProjectConfigurationPlatforms) = postSolution
		{82B34C94-36A7-4A4C-820A-CD405F1E6BFC}.Debug|Any CPU.ActiveCfg = Debug|Any CPU
		{82B34C94-36A7-4A4C-820A-CD405F1E6BFC}.Debug|Any CPU.Build.0 = Debug|Any CPU
		{82B34C94-36A7-4A4C-820A-CD405F1E6BFC}.Release|Any CPU.ActiveCfg = Release|Any CPU
		{82B34C94-36A7-4A4C-820A-CD405F1E6BFC}.Release|Any CPU.Build.0 = Release|Any CPU
		{5197C09D-A98A-44D9-9007-5B7A671B6F05}.Debug|Any CPU.ActiveCfg = Debug|Any CPU
		{5197C09D-A98A-44D9-9007-5B7A671B6F05}.Debug|Any CPU.Build.0 = Debug|Any CPU
		{5197C09D-A98A-44D9-9007-5B7A671B6F05}.Release|Any CPU.ActiveCfg = Release|Any CPU
		{5197C09D-A98A-44D9-9007-5B7A671B6F05}.Release|Any CPU.Build.0 = Release|Any CPU
		{CED80522-A99D-4BAE-AACA-B19A7BCC869F}.Debug|Any CPU.ActiveCfg = Debug|Any CPU
		{CED80522-A99D-4BAE-AACA-B19A7BCC869F}.Debug|Any CPU.Build.0 = Debug|Any CPU
		{CED80522-A99D-4BAE-AACA-B19A7BCC869F}.Release|Any CPU.ActiveCfg = Release|Any CPU
		{CED80522-A99D-4BAE-AACA-B19A7BCC869F}.Release|Any CPU.Build.0 = Release|Any CPU
	EndGlobalSection
	GlobalSection(SolutionProperties) = preSolution
		HideSolutionNode = FALSE
	EndGlobalSection
	GlobalSection(ExtensibilityGlobals) = postSolution
		SolutionGuid = {9F072445-A29A-493D-BA42-B33C641F28E8}
	EndGlobalSection
EndGlobal
